{
  "name": "ChatM.E.D",
  "lockfileVersion": 3,
  "requires": true,
  "packages": {
    "": {
      "dependencies": {
        "@nivo/core": "^0.83.0",
        "@nivo/radar": "^0.83.0",
        "chart.js": "^4.3.0",
        "nivo": "^0.31.0",
        "primeicons": "^6.0.1",
        "react-chartjs-2": "^5.2.0"
      }
    },
    "node_modules/@babel/runtime": {
      "version": "7.21.5",
      "resolved": "https://registry.npmjs.org/@babel/runtime/-/runtime-7.21.5.tgz",
      "integrity": "sha512-8jI69toZqqcsnqGGqwGS4Qb1VwLOEp4hz+CXPywcvjs60u3B4Pom/U/7rm4W8tMOYEB+E9wgD0mW1l3r8qlI9Q==",
      "dependencies": {
        "regenerator-runtime": "^0.13.11"
      },
      "engines": {
        "node": ">=6.9.0"
      }
    },
    "node_modules/@kurkle/color": {
      "version": "0.3.2",
      "resolved": "https://registry.npmjs.org/@kurkle/color/-/color-0.3.2.tgz",
      "integrity": "sha512-fuscdXJ9G1qb7W8VdHi+IwRqij3lBkosAm4ydQtEmbY58OzHXqQhvlxqEkoz0yssNVn38bcpRWgA9PP+OGoisw=="
    },
    "node_modules/@nivo/colors": {
      "version": "0.83.0",
      "resolved": "https://registry.npmjs.org/@nivo/colors/-/colors-0.83.0.tgz",
      "integrity": "sha512-n34LWYtE2hbd1fdCDP7TCHNZdbiO1PwcvXLo0VsKK5lNPY/FA5SXA7Z9Ubl/ChSwBwbzAsaAhjTy8KzKzSjDcA==",
      "dependencies": {
        "@nivo/core": "0.83.0",
        "@types/d3-color": "^2.0.0",
        "@types/d3-scale": "^3.2.3",
        "@types/d3-scale-chromatic": "^2.0.0",
        "@types/prop-types": "^15.7.2",
        "d3-color": "^3.1.0",
        "d3-scale": "^3.2.3",
        "d3-scale-chromatic": "^2.0.0",
        "lodash": "^4.17.21",
        "prop-types": "^15.7.2"
      },
      "peerDependencies": {
        "react": ">= 16.14.0 < 19.0.0"
      }
    },
    "node_modules/@nivo/colors/node_modules/d3-array": {
      "version": "2.12.1",
      "resolved": "https://registry.npmjs.org/d3-array/-/d3-array-2.12.1.tgz",
      "integrity": "sha512-B0ErZK/66mHtEsR1TkPEEkwdy+WDesimkM5gpZr5Dsg54BiTA5RXtYW5qTLIAcekaS9xfZrzBLF/OAkB3Qn1YQ==",
      "dependencies": {
        "internmap": "^1.0.0"
      }
    },
    "node_modules/@nivo/colors/node_modules/d3-color": {
      "version": "3.1.0",
      "resolved": "https://registry.npmjs.org/d3-color/-/d3-color-3.1.0.tgz",
      "integrity": "sha512-zg/chbXyeBtMQ1LbD/WSoW2DpC3I0mpmPdW+ynRTj/x2DAWYrIY7qeZIHidozwV24m4iavr15lNwIwLxRmOxhA==",
      "engines": {
        "node": ">=12"
      }
    },
    "node_modules/@nivo/colors/node_modules/d3-scale": {
      "version": "3.3.0",
      "resolved": "https://registry.npmjs.org/d3-scale/-/d3-scale-3.3.0.tgz",
      "integrity": "sha512-1JGp44NQCt5d1g+Yy+GeOnZP7xHo0ii8zsQp6PGzd+C1/dl0KGsp9A7Mxwp+1D1o4unbTTxVdU/ZOIEBoeZPbQ==",
      "dependencies": {
        "d3-array": "^2.3.0",
        "d3-format": "1 - 2",
        "d3-interpolate": "1.2.0 - 2",
        "d3-time": "^2.1.1",
        "d3-time-format": "2 - 3"
      }
    },
    "node_modules/@nivo/colors/node_modules/d3-scale-chromatic": {
      "version": "2.0.0",
      "resolved": "https://registry.npmjs.org/d3-scale-chromatic/-/d3-scale-chromatic-2.0.0.tgz",
      "integrity": "sha512-LLqy7dJSL8yDy7NRmf6xSlsFZ6zYvJ4BcWFE4zBrOPnQERv9zj24ohnXKRbyi9YHnYV+HN1oEO3iFK971/gkzA==",
      "dependencies": {
        "d3-color": "1 - 2",
        "d3-interpolate": "1 - 2"
      }
    },
    "node_modules/@nivo/colors/node_modules/d3-scale-chromatic/node_modules/d3-color": {
      "version": "2.0.0",
      "resolved": "https://registry.npmjs.org/d3-color/-/d3-color-2.0.0.tgz",
      "integrity": "sha512-SPXi0TSKPD4g9tw0NMZFnR95XVgUZiBH+uUTqQuDu1OsE2zomHU7ho0FISciaPvosimixwHFl3WHLGabv6dDgQ=="
    },
    "node_modules/@nivo/colors/node_modules/d3-time": {
      "version": "2.1.1",
      "resolved": "https://registry.npmjs.org/d3-time/-/d3-time-2.1.1.tgz",
      "integrity": "sha512-/eIQe/eR4kCQwq7yxi7z4c6qEXf2IYGcjoWB5OOQy4Tq9Uv39/947qlDcN2TLkiTzQWzvnsuYPB9TrWaNfipKQ==",
      "dependencies": {
        "d3-array": "2"
      }
    },
    "node_modules/@nivo/core": {
      "version": "0.83.0",
      "resolved": "https://registry.npmjs.org/@nivo/core/-/core-0.83.0.tgz",
      "integrity": "sha512-I9fjZAbIPz41JA2WP8Avsud/xk0iiM1nWUzcvZBDebBGFDB5Y1lrldUt9l5kvOeMth3Qj/1lVFTiJxQuojxH4Q==",
      "dependencies": {
        "@nivo/recompose": "0.83.0",
        "@nivo/tooltip": "0.83.0",
        "@react-spring/web": "9.4.5 || ^9.7.2",
        "@types/d3-shape": "^2.0.0",
        "d3-color": "^3.1.0",
        "d3-format": "^1.4.4",
        "d3-interpolate": "^2.0.1",
        "d3-scale": "^3.2.3",
        "d3-scale-chromatic": "^2.0.0",
        "d3-shape": "^1.3.5",
        "d3-time-format": "^3.0.0",
        "lodash": "^4.17.21"
      },
      "funding": {
        "type": "opencollective",
        "url": "https://opencollective.com/nivo/donate"
      },
      "peerDependencies": {
        "prop-types": ">= 15.5.10 < 16.0.0",
        "react": ">= 16.14.0 < 19.0.0"
      }
    },
    "node_modules/@nivo/core/node_modules/d3-array": {
      "version": "2.12.1",
      "resolved": "https://registry.npmjs.org/d3-array/-/d3-array-2.12.1.tgz",
      "integrity": "sha512-B0ErZK/66mHtEsR1TkPEEkwdy+WDesimkM5gpZr5Dsg54BiTA5RXtYW5qTLIAcekaS9xfZrzBLF/OAkB3Qn1YQ==",
      "dependencies": {
        "internmap": "^1.0.0"
      }
    },
    "node_modules/@nivo/core/node_modules/d3-color": {
      "version": "3.1.0",
      "resolved": "https://registry.npmjs.org/d3-color/-/d3-color-3.1.0.tgz",
      "integrity": "sha512-zg/chbXyeBtMQ1LbD/WSoW2DpC3I0mpmPdW+ynRTj/x2DAWYrIY7qeZIHidozwV24m4iavr15lNwIwLxRmOxhA==",
      "engines": {
        "node": ">=12"
      }
    },
    "node_modules/@nivo/core/node_modules/d3-interpolate": {
      "version": "2.0.1",
      "resolved": "https://registry.npmjs.org/d3-interpolate/-/d3-interpolate-2.0.1.tgz",
      "integrity": "sha512-c5UhwwTs/yybcmTpAVqwSFl6vrQ8JZJoT5F7xNFK9pymv5C0Ymcc9/LIJHtYIggg/yS9YHw8i8O8tgb9pupjeQ==",
      "dependencies": {
        "d3-color": "1 - 2"
      }
    },
    "node_modules/@nivo/core/node_modules/d3-interpolate/node_modules/d3-color": {
      "version": "2.0.0",
      "resolved": "https://registry.npmjs.org/d3-color/-/d3-color-2.0.0.tgz",
      "integrity": "sha512-SPXi0TSKPD4g9tw0NMZFnR95XVgUZiBH+uUTqQuDu1OsE2zomHU7ho0FISciaPvosimixwHFl3WHLGabv6dDgQ=="
    },
    "node_modules/@nivo/core/node_modules/d3-scale": {
      "version": "3.3.0",
      "resolved": "https://registry.npmjs.org/d3-scale/-/d3-scale-3.3.0.tgz",
      "integrity": "sha512-1JGp44NQCt5d1g+Yy+GeOnZP7xHo0ii8zsQp6PGzd+C1/dl0KGsp9A7Mxwp+1D1o4unbTTxVdU/ZOIEBoeZPbQ==",
      "dependencies": {
        "d3-array": "^2.3.0",
        "d3-format": "1 - 2",
        "d3-interpolate": "1.2.0 - 2",
        "d3-time": "^2.1.1",
        "d3-time-format": "2 - 3"
      }
    },
    "node_modules/@nivo/core/node_modules/d3-scale-chromatic": {
      "version": "2.0.0",
      "resolved": "https://registry.npmjs.org/d3-scale-chromatic/-/d3-scale-chromatic-2.0.0.tgz",
      "integrity": "sha512-LLqy7dJSL8yDy7NRmf6xSlsFZ6zYvJ4BcWFE4zBrOPnQERv9zj24ohnXKRbyi9YHnYV+HN1oEO3iFK971/gkzA==",
      "dependencies": {
        "d3-color": "1 - 2",
        "d3-interpolate": "1 - 2"
      }
    },
    "node_modules/@nivo/core/node_modules/d3-scale-chromatic/node_modules/d3-color": {
      "version": "2.0.0",
      "resolved": "https://registry.npmjs.org/d3-color/-/d3-color-2.0.0.tgz",
      "integrity": "sha512-SPXi0TSKPD4g9tw0NMZFnR95XVgUZiBH+uUTqQuDu1OsE2zomHU7ho0FISciaPvosimixwHFl3WHLGabv6dDgQ=="
    },
    "node_modules/@nivo/core/node_modules/d3-time": {
      "version": "2.1.1",
      "resolved": "https://registry.npmjs.org/d3-time/-/d3-time-2.1.1.tgz",
      "integrity": "sha512-/eIQe/eR4kCQwq7yxi7z4c6qEXf2IYGcjoWB5OOQy4Tq9Uv39/947qlDcN2TLkiTzQWzvnsuYPB9TrWaNfipKQ==",
      "dependencies": {
        "d3-array": "2"
      }
    },
    "node_modules/@nivo/core/node_modules/d3-time-format": {
      "version": "3.0.0",
      "resolved": "https://registry.npmjs.org/d3-time-format/-/d3-time-format-3.0.0.tgz",
      "integrity": "sha512-UXJh6EKsHBTjopVqZBhFysQcoXSv/5yLONZvkQ5Kk3qbwiUYkdX17Xa1PT6U1ZWXGGfB1ey5L8dKMlFq2DO0Ag==",
      "dependencies": {
        "d3-time": "1 - 2"
      }
    },
    "node_modules/@nivo/legends": {
      "version": "0.83.0",
      "resolved": "https://registry.npmjs.org/@nivo/legends/-/legends-0.83.0.tgz",
      "integrity": "sha512-WWl3/hTpFJ7/2L0RG53Gbr9KQk+ZjD71a/RIPMJ5ArEvAvKKfWuWQCtEm3FpqAazX8eYMnsQ3Pi17c8ohEIXRg==",
      "dependencies": {
        "@nivo/colors": "0.83.0",
        "@nivo/core": "0.83.0",
        "@types/d3-scale": "^3.2.3",
        "@types/prop-types": "^15.7.2",
        "d3-scale": "^3.2.3",
        "prop-types": "^15.7.2"
      },
      "peerDependencies": {
        "react": ">= 16.14.0 < 19.0.0"
      }
    },
    "node_modules/@nivo/legends/node_modules/d3-array": {
      "version": "2.12.1",
      "resolved": "https://registry.npmjs.org/d3-array/-/d3-array-2.12.1.tgz",
      "integrity": "sha512-B0ErZK/66mHtEsR1TkPEEkwdy+WDesimkM5gpZr5Dsg54BiTA5RXtYW5qTLIAcekaS9xfZrzBLF/OAkB3Qn1YQ==",
      "dependencies": {
        "internmap": "^1.0.0"
      }
    },
    "node_modules/@nivo/legends/node_modules/d3-scale": {
      "version": "3.3.0",
      "resolved": "https://registry.npmjs.org/d3-scale/-/d3-scale-3.3.0.tgz",
      "integrity": "sha512-1JGp44NQCt5d1g+Yy+GeOnZP7xHo0ii8zsQp6PGzd+C1/dl0KGsp9A7Mxwp+1D1o4unbTTxVdU/ZOIEBoeZPbQ==",
      "dependencies": {
        "d3-array": "^2.3.0",
        "d3-format": "1 - 2",
        "d3-interpolate": "1.2.0 - 2",
        "d3-time": "^2.1.1",
        "d3-time-format": "2 - 3"
      }
    },
    "node_modules/@nivo/legends/node_modules/d3-time": {
      "version": "2.1.1",
      "resolved": "https://registry.npmjs.org/d3-time/-/d3-time-2.1.1.tgz",
      "integrity": "sha512-/eIQe/eR4kCQwq7yxi7z4c6qEXf2IYGcjoWB5OOQy4Tq9Uv39/947qlDcN2TLkiTzQWzvnsuYPB9TrWaNfipKQ==",
      "dependencies": {
        "d3-array": "2"
      }
    },
    "node_modules/@nivo/radar": {
      "version": "0.83.0",
      "resolved": "https://registry.npmjs.org/@nivo/radar/-/radar-0.83.0.tgz",
      "integrity": "sha512-l7Jmm6HwponE2MCmGXSxwoHNA6LFhMoiaM3XNmwzRUq4aQ/ufKXexNYcMXTc/3n1XAfgjVCjaXNGijXQ/lXpKw==",
      "dependencies": {
        "@nivo/colors": "0.83.0",
        "@nivo/core": "0.83.0",
        "@nivo/legends": "0.83.0",
        "@nivo/tooltip": "0.83.0",
        "@react-spring/web": "9.4.5 || ^9.7.2",
        "@types/d3-scale": "^3.2.3",
        "@types/d3-shape": "^2.0.0",
        "d3-scale": "^3.2.3",
        "d3-shape": "^1.3.5"
      },
      "peerDependencies": {
        "react": ">= 16.14.0 < 19.0.0"
      }
    },
    "node_modules/@nivo/radar/node_modules/d3-array": {
      "version": "2.12.1",
      "resolved": "https://registry.npmjs.org/d3-array/-/d3-array-2.12.1.tgz",
      "integrity": "sha512-B0ErZK/66mHtEsR1TkPEEkwdy+WDesimkM5gpZr5Dsg54BiTA5RXtYW5qTLIAcekaS9xfZrzBLF/OAkB3Qn1YQ==",
      "dependencies": {
        "internmap": "^1.0.0"
      }
    },
    "node_modules/@nivo/radar/node_modules/d3-scale": {
      "version": "3.3.0",
      "resolved": "https://registry.npmjs.org/d3-scale/-/d3-scale-3.3.0.tgz",
      "integrity": "sha512-1JGp44NQCt5d1g+Yy+GeOnZP7xHo0ii8zsQp6PGzd+C1/dl0KGsp9A7Mxwp+1D1o4unbTTxVdU/ZOIEBoeZPbQ==",
      "dependencies": {
        "d3-array": "^2.3.0",
        "d3-format": "1 - 2",
        "d3-interpolate": "1.2.0 - 2",
        "d3-time": "^2.1.1",
        "d3-time-format": "2 - 3"
      }
    },
    "node_modules/@nivo/radar/node_modules/d3-time": {
      "version": "2.1.1",
      "resolved": "https://registry.npmjs.org/d3-time/-/d3-time-2.1.1.tgz",
      "integrity": "sha512-/eIQe/eR4kCQwq7yxi7z4c6qEXf2IYGcjoWB5OOQy4Tq9Uv39/947qlDcN2TLkiTzQWzvnsuYPB9TrWaNfipKQ==",
      "dependencies": {
        "d3-array": "2"
      }
    },
    "node_modules/@nivo/recompose": {
      "version": "0.83.0",
      "resolved": "https://registry.npmjs.org/@nivo/recompose/-/recompose-0.83.0.tgz",
      "integrity": "sha512-3cLEoi9ZoE4LTn6B98oUVd0MRAy5bWK7W3yb0u4EkjLoXXCRvUAI08Wr2AAagOzVOg5PmvghIDgvkz1tlFZTGQ==",
      "dependencies": {
        "@types/prop-types": "^15.7.2",
        "@types/react-lifecycles-compat": "^3.0.1",
        "prop-types": "^15.7.2",
        "react-lifecycles-compat": "^3.0.4"
      },
      "peerDependencies": {
        "react": ">= 16.14.0 < 19.0.0"
      }
    },
    "node_modules/@nivo/tooltip": {
      "version": "0.83.0",
      "resolved": "https://registry.npmjs.org/@nivo/tooltip/-/tooltip-0.83.0.tgz",
      "integrity": "sha512-HewujRqZNmcVnAv/LPLVyYwViad+rYTsFMdzLRzuTPq2hju1R+cfxokTomunG8e1SDtUPtULEVXtPg2ATIzNYg==",
      "dependencies": {
        "@nivo/core": "0.83.0",
        "@react-spring/web": "9.4.5 || ^9.7.2"
      }
    },
    "node_modules/@react-spring/animated": {
      "version": "9.7.2",
      "resolved": "https://registry.npmjs.org/@react-spring/animated/-/animated-9.7.2.tgz",
      "integrity": "sha512-ipvleJ99ipqlnHkz5qhSsgf/ny5aW0ZG8Q+/2Oj9cI7LCc7COdnrSO6V/v8MAX3JOoQNzfz6dye2s5Pt5jGaIA==",
      "dependencies": {
        "@react-spring/shared": "~9.7.2",
        "@react-spring/types": "~9.7.2"
      },
      "peerDependencies": {
        "react": "^16.8.0 || ^17.0.0 || ^18.0.0"
      }
    },
    "node_modules/@react-spring/core": {
      "version": "9.7.2",
      "resolved": "https://registry.npmjs.org/@react-spring/core/-/core-9.7.2.tgz",
      "integrity": "sha512-fF512edZT/gKVCA90ZRxfw1DmELeVwiL4OC2J6bMUlNr707C0h4QRoec6DjzG27uLX2MvS1CEatf9KRjwZR9/w==",
      "dependencies": {
        "@react-spring/animated": "~9.7.2",
        "@react-spring/rafz": "~9.7.2",
        "@react-spring/shared": "~9.7.2",
        "@react-spring/types": "~9.7.2"
      },
      "funding": {
        "type": "opencollective",
        "url": "https://opencollective.com/react-spring/donate"
      },
      "peerDependencies": {
        "react": "^16.8.0 || ^17.0.0 || ^18.0.0"
      }
    },
    "node_modules/@react-spring/rafz": {
      "version": "9.7.2",
      "resolved": "https://registry.npmjs.org/@react-spring/rafz/-/rafz-9.7.2.tgz",
      "integrity": "sha512-kDWMYDQto3+flkrX3vy6DU/l9pxQ4TVW91DglQEc11iDc7shF4+WVDRJvOVLX+xoMP7zyag1dMvlIgvQ+dvA/A=="
    },
    "node_modules/@react-spring/shared": {
      "version": "9.7.2",
      "resolved": "https://registry.npmjs.org/@react-spring/shared/-/shared-9.7.2.tgz",
      "integrity": "sha512-6U9qkno+9DxlH5nSltnPs+kU6tYKf0bPLURX2te13aGel8YqgcpFYp5Av8DcN2x3sukinAsmzHUS/FRsdZMMBA==",
      "dependencies": {
        "@react-spring/rafz": "~9.7.2",
        "@react-spring/types": "~9.7.2"
      },
      "peerDependencies": {
        "react": "^16.8.0 || ^17.0.0 || ^18.0.0"
      }
    },
    "node_modules/@react-spring/types": {
      "version": "9.7.2",
      "resolved": "https://registry.npmjs.org/@react-spring/types/-/types-9.7.2.tgz",
      "integrity": "sha512-GEflx2Ex/TKVMHq5g5MxQDNNPNhqg+4Db9m7+vGTm8ttZiyga7YQUF24shgRNebKIjahqCuei16SZga8h1pe4g=="
    },
    "node_modules/@react-spring/web": {
      "version": "9.7.2",
      "resolved": "https://registry.npmjs.org/@react-spring/web/-/web-9.7.2.tgz",
      "integrity": "sha512-7qNc7/5KShu2D05x7o2Ols2nUE7mCKfKLaY2Ix70xPMfTle1sZisoQMBFgV9w/fSLZlHZHV9P0uWJqEXQnbV4Q==",
      "dependencies": {
        "@react-spring/animated": "~9.7.2",
        "@react-spring/core": "~9.7.2",
        "@react-spring/shared": "~9.7.2",
        "@react-spring/types": "~9.7.2"
      },
      "peerDependencies": {
        "react": "^16.8.0 || ^17.0.0 || ^18.0.0",
        "react-dom": "^16.8.0 || ^17.0.0 || ^18.0.0"
      }
    },
    "node_modules/@types/d3-color": {
      "version": "2.0.3",
      "resolved": "https://registry.npmjs.org/@types/d3-color/-/d3-color-2.0.3.tgz",
      "integrity": "sha512-+0EtEjBfKEDtH9Rk3u3kLOUXM5F+iZK+WvASPb0MhIZl8J8NUvGeZRwKCXl+P3HkYx5TdU4YtcibpqHkSR9n7w=="
    },
    "node_modules/@types/d3-path": {
      "version": "2.0.2",
      "resolved": "https://registry.npmjs.org/@types/d3-path/-/d3-path-2.0.2.tgz",
      "integrity": "sha512-3YHpvDw9LzONaJzejXLOwZ3LqwwkoXb9LI2YN7Hbd6pkGo5nIlJ09ul4bQhBN4hQZJKmUpX8HkVqbzgUKY48cg=="
    },
    "node_modules/@types/d3-scale": {
      "version": "3.3.2",
      "resolved": "https://registry.npmjs.org/@types/d3-scale/-/d3-scale-3.3.2.tgz",
      "integrity": "sha512-gGqr7x1ost9px3FvIfUMi5XA/F/yAf4UkUDtdQhpH92XCT0Oa7zkkRzY61gPVJq+DxpHn/btouw5ohWkbBsCzQ==",
      "dependencies": {
        "@types/d3-time": "^2"
      }
    },
    "node_modules/@types/d3-scale-chromatic": {
      "version": "2.0.1",
      "resolved": "https://registry.npmjs.org/@types/d3-scale-chromatic/-/d3-scale-chromatic-2.0.1.tgz",
      "integrity": "sha512-3EuZlbPu+pvclZcb1DhlymTWT2W+lYsRKBjvkH2ojDbCWDYavifqu1vYX9WGzlPgCgcS4Alhk1+zapXbGEGylQ=="
    },
    "node_modules/@types/d3-shape": {
      "version": "2.1.3",
      "resolved": "https://registry.npmjs.org/@types/d3-shape/-/d3-shape-2.1.3.tgz",
      "integrity": "sha512-HAhCel3wP93kh4/rq+7atLdybcESZ5bRHDEZUojClyZWsRuEMo3A52NGYJSh48SxfxEU6RZIVbZL2YFZ2OAlzQ==",
      "dependencies": {
        "@types/d3-path": "^2"
      }
    },
    "node_modules/@types/d3-time": {
      "version": "2.1.1",
      "resolved": "https://registry.npmjs.org/@types/d3-time/-/d3-time-2.1.1.tgz",
      "integrity": "sha512-9MVYlmIgmRR31C5b4FVSWtuMmBHh2mOWQYfl7XAYOa8dsnb7iEmUmRSWSFgXFtkjxO65d7hTUHQC+RhR/9IWFg=="
    },
    "node_modules/@types/prop-types": {
      "version": "15.7.5",
      "resolved": "https://registry.npmjs.org/@types/prop-types/-/prop-types-15.7.5.tgz",
      "integrity": "sha512-JCB8C6SnDoQf0cNycqd/35A7MjcnK+ZTqE7judS6o7utxUCg6imJg3QK2qzHKszlTjcj2cn+NwMB2i96ubpj7w=="
    },
    "node_modules/@types/react": {
      "version": "18.2.6",
      "resolved": "https://registry.npmjs.org/@types/react/-/react-18.2.6.tgz",
      "integrity": "sha512-wRZClXn//zxCFW+ye/D2qY65UsYP1Fpex2YXorHc8awoNamkMZSvBxwxdYVInsHOZZd2Ppq8isnSzJL5Mpf8OA==",
      "dependencies": {
        "@types/prop-types": "*",
        "@types/scheduler": "*",
        "csstype": "^3.0.2"
      }
    },
    "node_modules/@types/react-lifecycles-compat": {
      "version": "3.0.1",
      "resolved": "https://registry.npmjs.org/@types/react-lifecycles-compat/-/react-lifecycles-compat-3.0.1.tgz",
      "integrity": "sha512-4KiU5s1Go4xRbf7t6VxUUpBeN5PGjpjpBv9VvET4uiPHC500VNYBclU13f8ehHkHoZL39b2cfwHu6RzbV3b44A==",
      "dependencies": {
        "@types/react": "*"
      }
    },
    "node_modules/@types/scheduler": {
      "version": "0.16.3",
      "resolved": "https://registry.npmjs.org/@types/scheduler/-/scheduler-0.16.3.tgz",
      "integrity": "sha512-5cJ8CB4yAx7BH1oMvdU0Jh9lrEXyPkar6F9G/ERswkCuvP4KQZfZkSjcMbAICCpQTN4OuZn8tz0HiKv9TGZgrQ=="
    },
    "node_modules/asap": {
      "version": "2.0.6",
      "resolved": "https://registry.npmjs.org/asap/-/asap-2.0.6.tgz",
      "integrity": "sha512-BSHWgDSAiKs50o2Re8ppvp3seVHXSRM44cdSsT9FfNEUUZLOGWVCsiWaRPWM1Znn+mqZ1OfVZ3z3DWEzSp7hRA=="
    },
    "node_modules/change-emitter": {
      "version": "0.1.6",
      "resolved": "https://registry.npmjs.org/change-emitter/-/change-emitter-0.1.6.tgz",
      "integrity": "sha512-YXzt1cQ4a2jqazhcuSWEOc1K2q8g9H6eWNsyZgi640LDzRWVQ2eDe+Y/kVdftH+vYdPF2rgDb3dLdpxE1jvAxw=="
    },
    "node_modules/chart.js": {
      "version": "4.3.0",
      "resolved": "https://registry.npmjs.org/chart.js/-/chart.js-4.3.0.tgz",
      "integrity": "sha512-ynG0E79xGfMaV2xAHdbhwiPLczxnNNnasrmPEXriXsPJGjmhOBYzFVEsB65w2qMDz+CaBJJuJD0inE/ab/h36g==",
      "dependencies": {
        "@kurkle/color": "^0.3.0"
      },
      "engines": {
        "pnpm": ">=7"
      }
    },
    "node_modules/core-js": {
      "version": "1.2.7",
      "resolved": "https://registry.npmjs.org/core-js/-/core-js-1.2.7.tgz",
      "integrity": "sha512-ZiPp9pZlgxpWRu0M+YWbm6+aQ84XEfH1JRXvfOc/fILWI0VKhLC2LX13X1NYq4fULzLMq7Hfh43CSo2/aIaUPA==",
      "deprecated": "core-js@<3.23.3 is no longer maintained and not recommended for usage due to the number of issues. Because of the V8 engine whims, feature detection in old core-js versions could cause a slowdown up to 100x even if nothing is polyfilled. Some versions have web compatibility issues. Please, upgrade your dependencies to the actual version of core-js."
    },
    "node_modules/csstype": {
      "version": "3.1.2",
      "resolved": "https://registry.npmjs.org/csstype/-/csstype-3.1.2.tgz",
      "integrity": "sha512-I7K1Uu0MBPzaFKg4nI5Q7Vs2t+3gWWW648spaF+Rg7pI9ds18Ugn+lvg4SHczUdKlHI5LWBXyqfS8+DufyBsgQ=="
    },
    "node_modules/d3-array": {
      "version": "1.2.4",
      "resolved": "https://registry.npmjs.org/d3-array/-/d3-array-1.2.4.tgz",
      "integrity": "sha512-KHW6M86R+FUPYGb3R5XiYjXPq7VzwxZ22buHhAEVG5ztoEcZZMLov530mmccaqA1GghZArjQV46fuc8kUqhhHw=="
    },
    "node_modules/d3-chord": {
      "version": "1.0.6",
      "resolved": "https://registry.npmjs.org/d3-chord/-/d3-chord-1.0.6.tgz",
      "integrity": "sha512-JXA2Dro1Fxw9rJe33Uv+Ckr5IrAa74TlfDEhE/jfLOaXegMQFQTAgAw9WnZL8+HxVBRXaRGCkrNU7pJeylRIuA==",
      "dependencies": {
        "d3-array": "1",
        "d3-path": "1"
      }
    },
    "node_modules/d3-collection": {
      "version": "1.0.7",
      "resolved": "https://registry.npmjs.org/d3-collection/-/d3-collection-1.0.7.tgz",
      "integrity": "sha512-ii0/r5f4sjKNTfh84Di+DpztYwqKhEyUlKoPrzUFfeSkWxjW49xU2QzO9qrPrNkpdI0XJkfzvmTu8V2Zylln6A=="
    },
    "node_modules/d3-color": {
      "version": "1.4.1",
      "resolved": "https://registry.npmjs.org/d3-color/-/d3-color-1.4.1.tgz",
      "integrity": "sha512-p2sTHSLCJI2QKunbGb7ocOh7DgTAn8IrLx21QRc/BSnodXM4sv6aLQlnfpvehFMLZEfBc6g9pH9SWQccFYfJ9Q=="
    },
    "node_modules/d3-format": {
      "version": "1.4.5",
      "resolved": "https://registry.npmjs.org/d3-format/-/d3-format-1.4.5.tgz",
      "integrity": "sha512-J0piedu6Z8iB6TbIGfZgDzfXxUFN3qQRMofy2oPdXzQibYGqPB/9iMcxr/TGalU+2RsyDO+U4f33id8tbnSRMQ=="
    },
    "node_modules/d3-hierarchy": {
      "version": "1.1.9",
      "resolved": "https://registry.npmjs.org/d3-hierarchy/-/d3-hierarchy-1.1.9.tgz",
      "integrity": "sha512-j8tPxlqh1srJHAtxfvOUwKNYJkQuBFdM1+JAUfq6xqH5eAqf93L7oG1NVqDa4CpFZNvnNKtCYEUC8KY9yEn9lQ=="
    },
    "node_modules/d3-interpolate": {
      "version": "1.4.0",
      "resolved": "https://registry.npmjs.org/d3-interpolate/-/d3-interpolate-1.4.0.tgz",
      "integrity": "sha512-V9znK0zc3jOPV4VD2zZn0sDhZU3WAE2bmlxdIwwQPPzPjvyLkd8B3JUVdS1IDUFDkWZ72c9qnv1GK2ZagTZ8EA==",
      "dependencies": {
        "d3-color": "1"
      }
    },
    "node_modules/d3-path": {
      "version": "1.0.9",
      "resolved": "https://registry.npmjs.org/d3-path/-/d3-path-1.0.9.tgz",
      "integrity": "sha512-VLaYcn81dtHVTjEHd8B+pbe9yHWpXKZUC87PzoFmsFrJqgFwDe/qxfp5MlfsfM1V5E/iVt0MmEbWQ7FVIXh/bg=="
    },
    "node_modules/d3-sankey": {
      "version": "0.7.1",
      "resolved": "https://registry.npmjs.org/d3-sankey/-/d3-sankey-0.7.1.tgz",
      "integrity": "sha512-KAyowBWtTLQxyXq1UhXcdCXKbuCQvL51FgqOS+fKlNTQ/4FfSWabRlWs2DezzwKyredAsOhBSQZN/i0XdeE2tQ==",
      "dependencies": {
        "d3-array": "1",
        "d3-collection": "1",
        "d3-shape": "^1.2.0"
      }
    },
    "node_modules/d3-scale": {
      "version": "1.0.7",
      "resolved": "https://registry.npmjs.org/d3-scale/-/d3-scale-1.0.7.tgz",
      "integrity": "sha512-KvU92czp2/qse5tUfGms6Kjig0AhHOwkzXG0+PqIJB3ke0WUv088AHMZI0OssO9NCkXt4RP8yju9rpH8aGB7Lw==",
      "dependencies": {
        "d3-array": "^1.2.0",
        "d3-collection": "1",
        "d3-color": "1",
        "d3-format": "1",
        "d3-interpolate": "1",
        "d3-time": "1",
        "d3-time-format": "2"
      }
    },
    "node_modules/d3-scale-chromatic": {
      "version": "1.5.0",
      "resolved": "https://registry.npmjs.org/d3-scale-chromatic/-/d3-scale-chromatic-1.5.0.tgz",
      "integrity": "sha512-ACcL46DYImpRFMBcpk9HhtIyC7bTBR4fNOPxwVSl0LfulDAwyiHyPOTqcDG1+t5d4P9W7t/2NAuWu59aKko/cg==",
      "dependencies": {
        "d3-color": "1",
        "d3-interpolate": "1"
      }
    },
    "node_modules/d3-shape": {
      "version": "1.3.7",
      "resolved": "https://registry.npmjs.org/d3-shape/-/d3-shape-1.3.7.tgz",
      "integrity": "sha512-EUkvKjqPFUAZyOlhY5gzCxCeI0Aep04LwIRpsZ/mLFelJiUfnK56jo5JMDSE7yyP2kLSb6LtF+S5chMk7uqPqw==",
      "dependencies": {
        "d3-path": "1"
      }
    },
    "node_modules/d3-time": {
      "version": "1.1.0",
      "resolved": "https://registry.npmjs.org/d3-time/-/d3-time-1.1.0.tgz",
      "integrity": "sha512-Xh0isrZ5rPYYdqhAVk8VLnMEidhz5aP7htAADH6MfzgmmicPkTo8LhkLxci61/lCB7n7UmE3bN0leRt+qvkLxA=="
    },
    "node_modules/d3-time-format": {
      "version": "2.3.0",
      "resolved": "https://registry.npmjs.org/d3-time-format/-/d3-time-format-2.3.0.tgz",
      "integrity": "sha512-guv6b2H37s2Uq/GefleCDtbe0XZAuy7Wa49VGkPVPMfLL9qObgBST3lEHJBMUp8S7NdLQAGIvr2KXk8Hc98iKQ==",
      "dependencies": {
        "d3-time": "1"
      }
    },
    "node_modules/d3-voronoi": {
      "version": "1.1.4",
      "resolved": "https://registry.npmjs.org/d3-voronoi/-/d3-voronoi-1.1.4.tgz",
      "integrity": "sha512-dArJ32hchFsrQ8uMiTBLq256MpnZjeuBtdHpaDlYuQyjU0CVzCJl/BVW+SkszaAeH95D/8gxqAhgx0ouAWAfRg=="
    },
    "node_modules/encoding": {
      "version": "0.1.13",
      "resolved": "https://registry.npmjs.org/encoding/-/encoding-0.1.13.tgz",
      "integrity": "sha512-ETBauow1T35Y/WZMkio9jiM0Z5xjHHmJ4XmjZOq1l/dXz3lr2sRn87nJy20RupqSh1F2m3HHPSp8ShIPQJrJ3A==",
      "dependencies": {
        "iconv-lite": "^0.6.2"
      }
    },
    "node_modules/fbjs": {
      "version": "0.8.18",
      "resolved": "https://registry.npmjs.org/fbjs/-/fbjs-0.8.18.tgz",
      "integrity": "sha512-EQaWFK+fEPSoibjNy8IxUtaFOMXcWsY0JaVrQoZR9zC8N2Ygf9iDITPWjUTVIax95b6I742JFLqASHfsag/vKA==",
      "dependencies": {
        "core-js": "^1.0.0",
        "isomorphic-fetch": "^2.1.1",
        "loose-envify": "^1.0.0",
        "object-assign": "^4.1.0",
        "promise": "^7.1.1",
        "setimmediate": "^1.0.5",
        "ua-parser-js": "^0.7.30"
      }
    },
    "node_modules/get-node-dimensions": {
      "version": "1.2.1",
      "resolved": "https://registry.npmjs.org/get-node-dimensions/-/get-node-dimensions-1.2.1.tgz",
      "integrity": "sha512-2MSPMu7S1iOTL+BOa6K1S62hB2zUAYNF/lV0gSVlOaacd087lc6nR1H1r0e3B1CerTo+RceOmi1iJW+vp21xcQ=="
    },
    "node_modules/hoist-non-react-statics": {
      "version": "2.5.5",
      "resolved": "https://registry.npmjs.org/hoist-non-react-statics/-/hoist-non-react-statics-2.5.5.tgz",
      "integrity": "sha512-rqcy4pJo55FTTLWt+bU8ukscqHeE/e9KWvsOW2b/a3afxQZhwkQdT1rPPCJ0rYXdj4vNcasY8zHTH+jF/qStxw=="
    },
    "node_modules/iconv-lite": {
      "version": "0.6.3",
      "resolved": "https://registry.npmjs.org/iconv-lite/-/iconv-lite-0.6.3.tgz",
      "integrity": "sha512-4fCk79wshMdzMp2rH06qWrJE4iolqLhCUH+OiuIgU++RB0+94NlDL81atO7GX55uUKueo0txHNtvEyI6D7WdMw==",
      "dependencies": {
        "safer-buffer": ">= 2.1.2 < 3.0.0"
      },
      "engines": {
        "node": ">=0.10.0"
      }
    },
    "node_modules/internmap": {
      "version": "1.0.1",
      "resolved": "https://registry.npmjs.org/internmap/-/internmap-1.0.1.tgz",
      "integrity": "sha512-lDB5YccMydFBtasVtxnZ3MRBHuaoE8GKsppq+EchKL2U4nK/DmEpPHNH8MZe5HkMtpSiTSOZwfN0tzYjO/lJEw=="
    },
    "node_modules/is-stream": {
      "version": "1.1.0",
      "resolved": "https://registry.npmjs.org/is-stream/-/is-stream-1.1.0.tgz",
      "integrity": "sha512-uQPm8kcs47jx38atAcWTVxyltQYoPT68y9aWYdV6yWXSyW8mzSat0TL6CiWdZeCdF3KrAvpVtnHbTv4RN+rqdQ==",
      "engines": {
        "node": ">=0.10.0"
      }
    },
    "node_modules/isomorphic-fetch": {
      "version": "2.2.1",
      "resolved": "https://registry.npmjs.org/isomorphic-fetch/-/isomorphic-fetch-2.2.1.tgz",
      "integrity": "sha512-9c4TNAKYXM5PRyVcwUZrF3W09nQ+sO7+jydgs4ZGW9dhsLG2VOlISJABombdQqQRXCwuYG3sYV/puGf5rp0qmA==",
      "dependencies": {
        "node-fetch": "^1.0.1",
        "whatwg-fetch": ">=0.10.0"
      }
    },
    "node_modules/js-tokens": {
      "version": "4.0.0",
      "resolved": "https://registry.npmjs.org/js-tokens/-/js-tokens-4.0.0.tgz",
      "integrity": "sha512-RdJUflcE3cUzKiMqQgsCu06FPu9UdIJO0beYbPhHN4k6apgJtifcoCtT9bcxOpYBtpD2kCM6Sbzg4CausW/PKQ=="
    },
    "node_modules/lodash": {
      "version": "4.17.21",
      "resolved": "https://registry.npmjs.org/lodash/-/lodash-4.17.21.tgz",
      "integrity": "sha512-v2kDEe57lecTulaDIuNTPy3Ry4gLGJ6Z1O3vE1krgXZNrsQ+LFTGHVxVjcXPs17LhbZVGedAJv8XZ1tvj5FvSg=="
    },
    "node_modules/loose-envify": {
      "version": "1.4.0",
      "resolved": "https://registry.npmjs.org/loose-envify/-/loose-envify-1.4.0.tgz",
      "integrity": "sha512-lyuxPGr/Wfhrlem2CL/UcnUc1zcqKAImBDzukY7Y5F/yQiNdko6+fRLevlw1HgMySw7f611UIY408EtxRSoK3Q==",
      "dependencies": {
        "js-tokens": "^3.0.0 || ^4.0.0"
      },
      "bin": {
        "loose-envify": "cli.js"
      }
    },
    "node_modules/nivo": {
      "version": "0.31.0",
      "resolved": "https://registry.npmjs.org/nivo/-/nivo-0.31.0.tgz",
      "integrity": "sha512-W6rjAcyTEqfrLkqHo2WuCHXHZXy+0R9XlSjpU5+F/zdBt+QFZTSPs/e45dE16PqVY9Gx7w4bxa9OkD0hasWOKg==",
      "dependencies": {
        "d3-chord": "^1.0.4",
        "d3-color": "^1.0.3",
        "d3-format": "^1.2.0",
        "d3-hierarchy": "^1.1.5",
        "d3-interpolate": "^1.1.5",
        "d3-sankey": "^0.7.1",
        "d3-scale": "^1.0.6",
        "d3-scale-chromatic": "^1.1.1",
        "d3-shape": "^1.2.0",
        "d3-time": "^1.0.7",
        "d3-time-format": "^2.0.5",
        "d3-voronoi": "^1.1.2",
        "lodash": "^4.17.4",
        "prop-types": "^15.5.10",
        "react-measure": "^2.0.2",
        "react-motion": "^0.5.1",
        "recompose": "^0.25.0"
      },
      "peerDependencies": {
        "react": ">= 15.6.1 < 17.0.0"
      }
    },
    "node_modules/node-fetch": {
      "version": "1.7.3",
      "resolved": "https://registry.npmjs.org/node-fetch/-/node-fetch-1.7.3.tgz",
      "integrity": "sha512-NhZ4CsKx7cYm2vSrBAr2PvFOe6sWDf0UYLRqA6svUYg7+/TSfVAu49jYC4BvQ4Sms9SZgdqGBgroqfDhJdTyKQ==",
      "dependencies": {
        "encoding": "^0.1.11",
        "is-stream": "^1.0.1"
      }
    },
    "node_modules/object-assign": {
      "version": "4.1.1",
      "resolved": "https://registry.npmjs.org/object-assign/-/object-assign-4.1.1.tgz",
      "integrity": "sha512-rJgTQnkUnH1sFw8yT6VSU3zD3sWmu6sZhIseY8VX+GRu3P6F7Fu+JNDoXfklElbLJSnc3FUQHVe4cU5hj+BcUg==",
      "engines": {
        "node": ">=0.10.0"
      }
    },
    "node_modules/performance-now": {
      "version": "0.2.0",
      "resolved": "https://registry.npmjs.org/performance-now/-/performance-now-0.2.0.tgz",
      "integrity": "sha512-YHk5ez1hmMR5LOkb9iJkLKqoBlL7WD5M8ljC75ZfzXriuBIVNuecaXuU7e+hOwyqf24Wxhh7Vxgt7Hnw9288Tg=="
    },
    "node_modules/primeicons": {
      "version": "6.0.1",
      "resolved": "https://registry.npmjs.org/primeicons/-/primeicons-6.0.1.tgz",
      "integrity": "sha512-KDeO94CbWI4pKsPnYpA1FPjo79EsY9I+M8ywoPBSf9XMXoe/0crjbUK7jcQEDHuc0ZMRIZsxH3TYLv4TUtHmAA=="
    },
    "node_modules/promise": {
      "version": "7.3.1",
      "resolved": "https://registry.npmjs.org/promise/-/promise-7.3.1.tgz",
      "integrity": "sha512-nolQXZ/4L+bP/UGlkfaIujX9BKxGwmQ9OT4mOt5yvy8iK1h3wqTEJCijzGANTCCl9nWjY41juyAn2K3Q1hLLTg==",
      "dependencies": {
        "asap": "~2.0.3"
      }
    },
    "node_modules/prop-types": {
      "version": "15.8.1",
      "resolved": "https://registry.npmjs.org/prop-types/-/prop-types-15.8.1.tgz",
      "integrity": "sha512-oj87CgZICdulUohogVAR7AjlC0327U4el4L6eAvOqCeudMDVU0NThNaV+b9Df4dXgSP1gXMTnPdhfe/2qDH5cg==",
      "dependencies": {
        "loose-envify": "^1.4.0",
        "object-assign": "^4.1.1",
        "react-is": "^16.13.1"
      }
    },
    "node_modules/raf": {
      "version": "3.4.1",
      "resolved": "https://registry.npmjs.org/raf/-/raf-3.4.1.tgz",
      "integrity": "sha512-Sq4CW4QhwOHE8ucn6J34MqtZCeWFP2aQSmrlroYgqAV1PjStIhJXxYuTgUIfkEk7zTLjmIjLmU5q+fbD1NnOJA==",
      "dependencies": {
        "performance-now": "^2.1.0"
      }
    },
    "node_modules/raf/node_modules/performance-now": {
      "version": "2.1.0",
      "resolved": "https://registry.npmjs.org/performance-now/-/performance-now-2.1.0.tgz",
      "integrity": "sha512-7EAHlyLHI56VEIdK57uwHdHKIaAGbnXPiw0yWbarQZOKaKpvUIgW0jWRVLiatnM+XXlSwsanIBH/hzGMJulMow=="
    },
    "node_modules/react": {
      "version": "16.14.0",
      "resolved": "https://registry.npmjs.org/react/-/react-16.14.0.tgz",
      "integrity": "sha512-0X2CImDkJGApiAlcf0ODKIneSwBPhqJawOa5wCtKbu7ZECrmS26NvtSILynQ66cgkT/RJ4LidJOc3bUESwmU8g==",
      "peer": true,
      "dependencies": {
        "loose-envify": "^1.1.0",
        "object-assign": "^4.1.1",
        "prop-types": "^15.6.2"
      },
      "engines": {
        "node": ">=0.10.0"
      }
    },
    "node_modules/react-chartjs-2": {
      "version": "5.2.0",
      "resolved": "https://registry.npmjs.org/react-chartjs-2/-/react-chartjs-2-5.2.0.tgz",
      "integrity": "sha512-98iN5aguJyVSxp5U3CblRLH67J8gkfyGNbiK3c+l1QI/G4irHMPQw44aEPmjVag+YKTyQ260NcF82GTQ3bdscA==",
      "peerDependencies": {
        "chart.js": "^4.1.1",
        "react": "^16.8.0 || ^17.0.0 || ^18.0.0"
      }
    },
    "node_modules/react-dom": {
      "version": "18.2.0",
      "resolved": "https://registry.npmjs.org/react-dom/-/react-dom-18.2.0.tgz",
      "integrity": "sha512-6IMTriUmvsjHUjNtEDudZfuDQUoWXVxKHhlEGSk81n4YFS+r/Kl99wXiwlVXtPBtJenozv2P+hxDsw9eA7Xo6g==",
      "peer": true,
      "dependencies": {
        "loose-envify": "^1.1.0",
        "scheduler": "^0.23.0"
      },
      "peerDependencies": {
        "react": "^18.2.0"
      }
    },
    "node_modules/react-is": {
      "version": "16.13.1",
      "resolved": "https://registry.npmjs.org/react-is/-/react-is-16.13.1.tgz",
      "integrity": "sha512-24e6ynE2H+OKt4kqsOvNd8kBpV65zoxbA4BVsEOB3ARVWQki/DHzaUoC5KuON/BiccDaCCTZBuOcfZs70kR8bQ=="
    },
    "node_modules/react-lifecycles-compat": {
      "version": "3.0.4",
      "resolved": "https://registry.npmjs.org/react-lifecycles-compat/-/react-lifecycles-compat-3.0.4.tgz",
      "integrity": "sha512-fBASbA6LnOU9dOU2eW7aQ8xmYBSXUIWr+UmF9b1efZBazGNO+rcXT/icdKnYm2pTwcRylVUYwW7H1PHfLekVzA=="
    },
    "node_modules/react-measure": {
      "version": "2.5.2",
      "resolved": "https://registry.npmjs.org/react-measure/-/react-measure-2.5.2.tgz",
      "integrity": "sha512-M+rpbTLWJ3FD6FXvYV6YEGvQ5tMayQ3fGrZhRPHrE9bVlBYfDCLuDcgNttYfk8IqfOI03jz6cbpqMRTUclQnaA==",
      "dependencies": {
        "@babel/runtime": "^7.2.0",
        "get-node-dimensions": "^1.2.1",
        "prop-types": "^15.6.2",
        "resize-observer-polyfill": "^1.5.0"
      },
      "peerDependencies": {
        "react": ">0.13.0",
        "react-dom": ">0.13.0"
      }
    },
    "node_modules/react-motion": {
      "version": "0.5.2",
      "resolved": "https://registry.npmjs.org/react-motion/-/react-motion-0.5.2.tgz",
      "integrity": "sha512-9q3YAvHoUiWlP3cK0v+w1N5Z23HXMj4IF4YuvjvWegWqNPfLXsOBE/V7UvQGpXxHFKRQQcNcVQE31g9SB/6qgQ==",
      "dependencies": {
        "performance-now": "^0.2.0",
        "prop-types": "^15.5.8",
        "raf": "^3.1.0"
      },
      "peerDependencies": {
        "react": "^0.14.9 || ^15.3.0 || ^16.0.0"
      }
    },
    "node_modules/recompose": {
      "version": "0.25.1",
      "resolved": "https://registry.npmjs.org/recompose/-/recompose-0.25.1.tgz",
      "integrity": "sha512-EwFAv6UBrHbLIsIKHUZJ+BKdjTmyEsIrRlGO3R7PKu0S7hkgNznVDRvb+1upQUntURtBvxhYnTVQ3AcWOlsmWA==",
      "dependencies": {
        "change-emitter": "^0.1.2",
        "fbjs": "^0.8.1",
        "hoist-non-react-statics": "^2.3.1",
        "symbol-observable": "^1.0.4"
      },
      "peerDependencies": {
        "react": "^0.14.0 || ^15.0.0 || ^16.0.0"
      }
    },
    "node_modules/regenerator-runtime": {
      "version": "0.13.11",
      "resolved": "https://registry.npmjs.org/regenerator-runtime/-/regenerator-runtime-0.13.11.tgz",
      "integrity": "sha512-kY1AZVr2Ra+t+piVaJ4gxaFaReZVH40AKNo7UCX6W+dEwBo/2oZJzqfuN1qLq1oL45o56cPaTXELwrTh8Fpggg=="
    },
    "node_modules/resize-observer-polyfill": {
      "version": "1.5.1",
      "resolved": "https://registry.npmjs.org/resize-observer-polyfill/-/resize-observer-polyfill-1.5.1.tgz",
      "integrity": "sha512-LwZrotdHOo12nQuZlHEmtuXdqGoOD0OhaxopaNFxWzInpEgaLWoVuAMbTzixuosCx2nEG58ngzW3vxdWoxIgdg=="
    },
    "node_modules/safer-buffer": {
      "version": "2.1.2",
      "resolved": "https://registry.npmjs.org/safer-buffer/-/safer-buffer-2.1.2.tgz",
      "integrity": "sha512-YZo3K82SD7Riyi0E1EQPojLz7kpepnSQI9IyPbHHg1XXXevb5dJI7tpyN2ADxGcQbHG7vcyRHk0cbwqcQriUtg=="
    },
    "node_modules/scheduler": {
      "version": "0.23.0",
      "resolved": "https://registry.npmjs.org/scheduler/-/scheduler-0.23.0.tgz",
      "integrity": "sha512-CtuThmgHNg7zIZWAXi3AsyIzA3n4xx7aNyjwC2VJldO2LMVDhFK+63xGqq6CsJH4rTAt6/M+N4GhZiDYPx9eUw==",
      "peer": true,
      "dependencies": {
        "loose-envify": "^1.1.0"
      }
    },
    "node_modules/setimmediate": {
      "version": "1.0.5",
      "resolved": "https://registry.npmjs.org/setimmediate/-/setimmediate-1.0.5.tgz",
      "integrity": "sha512-MATJdZp8sLqDl/68LfQmbP8zKPLQNV6BIZoIgrscFDQ+RsvK/BxeDQOgyxKKoh0y/8h3BqVFnCqQ/gd+reiIXA=="
    },
    "node_modules/symbol-observable": {
      "version": "1.2.0",
      "resolved": "https://registry.npmjs.org/symbol-observable/-/symbol-observable-1.2.0.tgz",
      "integrity": "sha512-e900nM8RRtGhlV36KGEU9k65K3mPb1WV70OdjfxlG2EAuM1noi/E/BaW/uMhL7bPEssK8QV57vN3esixjUvcXQ==",
      "engines": {
        "node": ">=0.10.0"
      }
    },
    "node_modules/ua-parser-js": {
      "version": "0.7.35",
      "resolved": "https://registry.npmjs.org/ua-parser-js/-/ua-parser-js-0.7.35.tgz",
      "integrity": "sha512-veRf7dawaj9xaWEu9HoTVn5Pggtc/qj+kqTOFvNiN1l0YdxwC1kvel57UCjThjGa3BHBihE8/UJAHI+uQHmd/g==",
      "funding": [
        {
          "type": "opencollective",
          "url": "https://opencollective.com/ua-parser-js"
        },
        {
          "type": "paypal",
          "url": "https://paypal.me/faisalman"
        }
      ],
      "engines": {
        "node": "*"
      }
    },
    "node_modules/whatwg-fetch": {
      "version": "3.6.2",
      "resolved": "https://registry.npmjs.org/whatwg-fetch/-/whatwg-fetch-3.6.2.tgz",
      "integrity": "sha512-bJlen0FcuU/0EMLrdbJ7zOnW6ITZLrZMIarMUVmdKtsGvZna8vxKYaexICWPfZ8qwf9fzNq+UEIZrnSaApt6RA=="
    }
  }
}
